
Microsoft Visual Studio Solution File, Format Version 12.00
# Visual Studio 14
VisualStudioVersion = 14.0.24720.0
MinimumVisualStudioVersion = 10.0.40219.1
Project("{FAE04EC0-301F-11D3-BF4B-00C04F79EFBC}") = "AspMVC2", "AspMVC2\AspMVC2.csproj", "{A53EEA7E-3798-4BA2-94F3-1757BCAB738D}"
EndProject
Global
	GlobalSection(SolutionConfigurationPlatforms) = preSolution
		Debug|Any CPU = Debug|Any CPU
		Release|Any CPU = Release|Any CPU
	EndGlobalSection
	GlobalSection(ProjectConfigurationPlatforms) = postSolution
		{A53EEA7E-3798-4BA2-94F3-1757BCAB738D}.Debug|Any CPU.ActiveCfg = Debug|Any CPU
		{A53EEA7E-3798-4BA2-94F3-1757BCAB738D}.Debug|Any CPU.Build.0 = Debug|Any CPU
		{A53EEA7E-3798-4BA2-94F3-1757BCAB738D}.Release|Any CPU.ActiveCfg = Release|Any CPU
		{A53EEA7E-3798-4BA2-94F3-1757BCAB738D}.Release|Any CPU.Build.0 = Release|Any CPU
	EndGlobalSection
	GlobalSection(SolutionProperties) = preSolution
		HideSolutionNode = FALSE
	EndGlobalSection
EndGlobal
